
Microsoft Visual Studio Solution File, Format Version 12.00
# Visual Studio Version 16
VisualStudioVersion = 16.0.28705.295
MinimumVisualStudioVersion = 10.0.40219.1
Project("{FAE04EC0-301F-11D3-BF4B-00C04F79EFBC}") = "Shop.Common", "Shop.Common\Shop.Common.csproj", "{5477073C-99A8-4A83-B02B-FF249D268F64}"
EndProject
Global
	GlobalSection(SolutionConfigurationPlatforms) = preSolution
		Debug|Any CPU = Debug|Any CPU
		Release|Any CPU = Release|Any CPU
	EndGlobalSection
	GlobalSection(ProjectConfigurationPlatforms) = postSolution
		{5477073C-99A8-4A83-B02B-FF249D268F64}.Debug|Any CPU.ActiveCfg = Debug|Any CPU
		{5477073C-99A8-4A83-B02B-FF249D268F64}.Debug|Any CPU.Build.0 = Debug|Any CPU
		{5477073C-99A8-4A83-B02B-FF249D268F64}.Release|Any CPU.ActiveCfg = Release|Any CPU
		{5477073C-99A8-4A83-B02B-FF249D268F64}.Release|Any CPU.Build.0 = Release|Any CPU
	EndGlobalSection
	GlobalSection(SolutionProperties) = preSolution
		HideSolutionNode = FALSE
	EndGlobalSection
	GlobalSection(ExtensibilityGlobals) = postSolution
		SolutionGuid = {E5BC3334-4A85-4440-A28A-1E10185B6956}
	EndGlobalSection
EndGlobal
